
Microsoft Visual Studio Solution File, Format Version 12.00
# Visual Studio Version 16
VisualStudioVersion = 16.0.31624.102
MinimumVisualStudioVersion = 10.0.40219.1
Project("{FAE04EC0-301F-11D3-BF4B-00C04F79EFBC}") = "RefactorEmpWage", "RefactorEmpWage\RefactorEmpWage.csproj", "{0396BB99-89A9-40DB-B7A3-CE744F218765}"
EndProject
Global
	GlobalSection(SolutionConfigurationPlatforms) = preSolution
		Debug|Any CPU = Debug|Any CPU
		Release|Any CPU = Release|Any CPU
	EndGlobalSection
	GlobalSection(ProjectConfigurationPlatforms) = postSolution
		{0396BB99-89A9-40DB-B7A3-CE744F218765}.Debug|Any CPU.ActiveCfg = Debug|Any CPU
		{0396BB99-89A9-40DB-B7A3-CE744F218765}.Debug|Any CPU.Build.0 = Debug|Any CPU
		{0396BB99-89A9-40DB-B7A3-CE744F218765}.Release|Any CPU.ActiveCfg = Release|Any CPU
		{0396BB99-89A9-40DB-B7A3-CE744F218765}.Release|Any CPU.Build.0 = Release|Any CPU
	EndGlobalSection
	GlobalSection(SolutionProperties) = preSolution
		HideSolutionNode = FALSE
	EndGlobalSection
	GlobalSection(ExtensibilityGlobals) = postSolution
		SolutionGuid = {7B4FB5E4-76FD-4C41-B17C-BFD1AB39BAC7}
	EndGlobalSection
EndGlobal
